
Microsoft Visual Studio Solution File, Format Version 12.00
# Visual Studio 2013
VisualStudioVersion = 12.0.21005.1
MinimumVisualStudioVersion = 10.0.40219.1
Project("{FAE04EC0-301F-11D3-BF4B-00C04F79EFBC}") = "Microsoft.HBase.Client", "Microsoft.HBase.Client\Microsoft.HBase.Client.csproj", "{256F1A52-D499-4086-83B4-AE13A515AE1D}"
EndProject
Project("{FAE04EC0-301F-11D3-BF4B-00C04F79EFBC}") = "Microsoft.HBase.Client.Tests", "Microsoft.HBase.Client.Tests\Microsoft.HBase.Client.Tests.csproj", "{30A575C3-71C8-4D13-91E0-6AE0359C6A8D}"
EndProject
Global
	GlobalSection(SolutionConfigurationPlatforms) = preSolution
		Debug|Any CPU = Debug|Any CPU
		Release|Any CPU = Release|Any CPU
	EndGlobalSection
	GlobalSection(ProjectConfigurationPlatforms) = postSolution
		{256F1A52-D499-4086-83B4-AE13A515AE1D}.Debug|Any CPU.ActiveCfg = Debug|Any CPU
		{256F1A52-D499-4086-83B4-AE13A515AE1D}.Debug|Any CPU.Build.0 = Debug|Any CPU
		{256F1A52-D499-4086-83B4-AE13A515AE1D}.Release|Any CPU.ActiveCfg = Release|Any CPU
		{256F1A52-D499-4086-83B4-AE13A515AE1D}.Release|Any CPU.Build.0 = Release|Any CPU
		{30A575C3-71C8-4D13-91E0-6AE0359C6A8D}.Debug|Any CPU.ActiveCfg = Debug|Any CPU
		{30A575C3-71C8-4D13-91E0-6AE0359C6A8D}.Debug|Any CPU.Build.0 = Debug|Any CPU
		{30A575C3-71C8-4D13-91E0-6AE0359C6A8D}.Release|Any CPU.ActiveCfg = Release|Any CPU
		{30A575C3-71C8-4D13-91E0-6AE0359C6A8D}.Release|Any CPU.Build.0 = Release|Any CPU
	EndGlobalSection
	GlobalSection(SolutionProperties) = preSolution
		HideSolutionNode = FALSE
	EndGlobalSection
EndGlobal
